
Microsoft Visual Studio Solution File, Format Version 12.00
# Visual Studio Version 17
VisualStudioVersion = 17.0.31903.59
MinimumVisualStudioVersion = 10.0.40219.1
Project("{2150E333-8FDC-42A3-9474-1A3956D46DE8}") = "src", "src", "{827E0CD3-B72D-47B6-A68D-7590B98EB39B}"
EndProject
Project("{FAE04EC0-301F-11D3-BF4B-00C04F79EFBC}") = "interactiveCLI", "src\interactiveCLI\interactiveCLI.csproj", "{5AB423A5-6008-4665-857F-2E2E3E5290D8}"
EndProject
Project("{FAE04EC0-301F-11D3-BF4B-00C04F79EFBC}") = "spectreTest", "src\spectreTest\spectreTest.csproj", "{5E4704E7-110B-499B-A9A6-C2E09EF4165E}"
EndProject
Project("{FAE04EC0-301F-11D3-BF4B-00C04F79EFBC}") = "InteractiveTest", "src\InteractiveTest\InteractiveTest.csproj", "{0F42A97B-E940-45F6-B988-E6985431BAE7}"
EndProject
Project("{FAE04EC0-301F-11D3-BF4B-00C04F79EFBC}") = "SourceGeneratorTests", "tests\SourceGeneratorTests\SourceGeneratorTests.csproj", "{025A09B1-4FAC-4103-9605-08CD2AC24974}"
EndProject
Project("{FAE04EC0-301F-11D3-BF4B-00C04F79EFBC}") = "TestProject", "src\TestProject\TestProject.csproj", "{0C7A4617-8CDD-4D6F-86FF-C0C71A159D82}"
EndProject
Project("{FAE04EC0-301F-11D3-BF4B-00C04F79EFBC}") = "FormGenerator", "src\FormGenerator\FormGenerator.csproj", "{47D3C199-BF50-435F-B67B-E50E502EEBB9}"
EndProject
Global
	GlobalSection(SolutionConfigurationPlatforms) = preSolution
		Debug|Any CPU = Debug|Any CPU
		Debug|x64 = Debug|x64
		Debug|x86 = Debug|x86
		Release|Any CPU = Release|Any CPU
		Release|x64 = Release|x64
		Release|x86 = Release|x86
	EndGlobalSection
	GlobalSection(ProjectConfigurationPlatforms) = postSolution
		{5AB423A5-6008-4665-857F-2E2E3E5290D8}.Debug|Any CPU.ActiveCfg = Debug|Any CPU
		{5AB423A5-6008-4665-857F-2E2E3E5290D8}.Debug|Any CPU.Build.0 = Debug|Any CPU
		{5AB423A5-6008-4665-857F-2E2E3E5290D8}.Debug|x64.ActiveCfg = Debug|Any CPU
		{5AB423A5-6008-4665-857F-2E2E3E5290D8}.Debug|x64.Build.0 = Debug|Any CPU
		{5AB423A5-6008-4665-857F-2E2E3E5290D8}.Debug|x86.ActiveCfg = Debug|Any CPU
		{5AB423A5-6008-4665-857F-2E2E3E5290D8}.Debug|x86.Build.0 = Debug|Any CPU
		{5AB423A5-6008-4665-857F-2E2E3E5290D8}.Release|Any CPU.ActiveCfg = Release|Any CPU
		{5AB423A5-6008-4665-857F-2E2E3E5290D8}.Release|Any CPU.Build.0 = Release|Any CPU
		{5AB423A5-6008-4665-857F-2E2E3E5290D8}.Release|x64.ActiveCfg = Release|Any CPU
		{5AB423A5-6008-4665-857F-2E2E3E5290D8}.Release|x64.Build.0 = Release|Any CPU
		{5AB423A5-6008-4665-857F-2E2E3E5290D8}.Release|x86.ActiveCfg = Release|Any CPU
		{5AB423A5-6008-4665-857F-2E2E3E5290D8}.Release|x86.Build.0 = Release|Any CPU
		{5E4704E7-110B-499B-A9A6-C2E09EF4165E}.Debug|Any CPU.ActiveCfg = Debug|Any CPU
		{5E4704E7-110B-499B-A9A6-C2E09EF4165E}.Debug|Any CPU.Build.0 = Debug|Any CPU
		{5E4704E7-110B-499B-A9A6-C2E09EF4165E}.Debug|x64.ActiveCfg = Debug|Any CPU
		{5E4704E7-110B-499B-A9A6-C2E09EF4165E}.Debug|x64.Build.0 = Debug|Any CPU
		{5E4704E7-110B-499B-A9A6-C2E09EF4165E}.Debug|x86.ActiveCfg = Debug|Any CPU
		{5E4704E7-110B-499B-A9A6-C2E09EF4165E}.Debug|x86.Build.0 = Debug|Any CPU
		{5E4704E7-110B-499B-A9A6-C2E09EF4165E}.Release|Any CPU.ActiveCfg = Release|Any CPU
		{5E4704E7-110B-499B-A9A6-C2E09EF4165E}.Release|Any CPU.Build.0 = Release|Any CPU
		{5E4704E7-110B-499B-A9A6-C2E09EF4165E}.Release|x64.ActiveCfg = Release|Any CPU
		{5E4704E7-110B-499B-A9A6-C2E09EF4165E}.Release|x64.Build.0 = Release|Any CPU
		{5E4704E7-110B-499B-A9A6-C2E09EF4165E}.Release|x86.ActiveCfg = Release|Any CPU
		{5E4704E7-110B-499B-A9A6-C2E09EF4165E}.Release|x86.Build.0 = Release|Any CPU
		{0F42A97B-E940-45F6-B988-E6985431BAE7}.Debug|Any CPU.ActiveCfg = Debug|Any CPU
		{0F42A97B-E940-45F6-B988-E6985431BAE7}.Debug|Any CPU.Build.0 = Debug|Any CPU
		{0F42A97B-E940-45F6-B988-E6985431BAE7}.Debug|x64.ActiveCfg = Debug|Any CPU
		{0F42A97B-E940-45F6-B988-E6985431BAE7}.Debug|x64.Build.0 = Debug|Any CPU
		{0F42A97B-E940-45F6-B988-E6985431BAE7}.Debug|x86.ActiveCfg = Debug|Any CPU
		{0F42A97B-E940-45F6-B988-E6985431BAE7}.Debug|x86.Build.0 = Debug|Any CPU
		{0F42A97B-E940-45F6-B988-E6985431BAE7}.Release|Any CPU.ActiveCfg = Release|Any CPU
		{0F42A97B-E940-45F6-B988-E6985431BAE7}.Release|Any CPU.Build.0 = Release|Any CPU
		{0F42A97B-E940-45F6-B988-E6985431BAE7}.Release|x64.ActiveCfg = Release|Any CPU
		{0F42A97B-E940-45F6-B988-E6985431BAE7}.Release|x64.Build.0 = Release|Any CPU
		{0F42A97B-E940-45F6-B988-E6985431BAE7}.Release|x86.ActiveCfg = Release|Any CPU
		{0F42A97B-E940-45F6-B988-E6985431BAE7}.Release|x86.Build.0 = Release|Any CPU
		{025A09B1-4FAC-4103-9605-08CD2AC24974}.Debug|Any CPU.ActiveCfg = Debug|Any CPU
		{025A09B1-4FAC-4103-9605-08CD2AC24974}.Debug|Any CPU.Build.0 = Debug|Any CPU
		{025A09B1-4FAC-4103-9605-08CD2AC24974}.Debug|x64.ActiveCfg = Debug|Any CPU
		{025A09B1-4FAC-4103-9605-08CD2AC24974}.Debug|x64.Build.0 = Debug|Any CPU
		{025A09B1-4FAC-4103-9605-08CD2AC24974}.Debug|x86.ActiveCfg = Debug|Any CPU
		{025A09B1-4FAC-4103-9605-08CD2AC24974}.Debug|x86.Build.0 = Debug|Any CPU
		{025A09B1-4FAC-4103-9605-08CD2AC24974}.Release|Any CPU.ActiveCfg = Release|Any CPU
		{025A09B1-4FAC-4103-9605-08CD2AC24974}.Release|Any CPU.Build.0 = Release|Any CPU
		{025A09B1-4FAC-4103-9605-08CD2AC24974}.Release|x64.ActiveCfg = Release|Any CPU
		{025A09B1-4FAC-4103-9605-08CD2AC24974}.Release|x64.Build.0 = Release|Any CPU
		{025A09B1-4FAC-4103-9605-08CD2AC24974}.Release|x86.ActiveCfg = Release|Any CPU
		{025A09B1-4FAC-4103-9605-08CD2AC24974}.Release|x86.Build.0 = Release|Any CPU
		{0C7A4617-8CDD-4D6F-86FF-C0C71A159D82}.Debug|Any CPU.ActiveCfg = Debug|Any CPU
		{0C7A4617-8CDD-4D6F-86FF-C0C71A159D82}.Debug|Any CPU.Build.0 = Debug|Any CPU
		{0C7A4617-8CDD-4D6F-86FF-C0C71A159D82}.Debug|x64.ActiveCfg = Debug|Any CPU
		{0C7A4617-8CDD-4D6F-86FF-C0C71A159D82}.Debug|x64.Build.0 = Debug|Any CPU
		{0C7A4617-8CDD-4D6F-86FF-C0C71A159D82}.Debug|x86.ActiveCfg = Debug|Any CPU
		{0C7A4617-8CDD-4D6F-86FF-C0C71A159D82}.Debug|x86.Build.0 = Debug|Any CPU
		{0C7A4617-8CDD-4D6F-86FF-C0C71A159D82}.Release|Any CPU.ActiveCfg = Release|Any CPU
		{0C7A4617-8CDD-4D6F-86FF-C0C71A159D82}.Release|Any CPU.Build.0 = Release|Any CPU
		{0C7A4617-8CDD-4D6F-86FF-C0C71A159D82}.Release|x64.ActiveCfg = Release|Any CPU
		{0C7A4617-8CDD-4D6F-86FF-C0C71A159D82}.Release|x64.Build.0 = Release|Any CPU
		{0C7A4617-8CDD-4D6F-86FF-C0C71A159D82}.Release|x86.ActiveCfg = Release|Any CPU
		{0C7A4617-8CDD-4D6F-86FF-C0C71A159D82}.Release|x86.Build.0 = Release|Any CPU
		{47D3C199-BF50-435F-B67B-E50E502EEBB9}.Debug|Any CPU.ActiveCfg = Debug|Any CPU
		{47D3C199-BF50-435F-B67B-E50E502EEBB9}.Debug|Any CPU.Build.0 = Debug|Any CPU
		{47D3C199-BF50-435F-B67B-E50E502EEBB9}.Debug|x64.ActiveCfg = Debug|Any CPU
		{47D3C199-BF50-435F-B67B-E50E502EEBB9}.Debug|x64.Build.0 = Debug|Any CPU
		{47D3C199-BF50-435F-B67B-E50E502EEBB9}.Debug|x86.ActiveCfg = Debug|Any CPU
		{47D3C199-BF50-435F-B67B-E50E502EEBB9}.Debug|x86.Build.0 = Debug|Any CPU
		{47D3C199-BF50-435F-B67B-E50E502EEBB9}.Release|Any CPU.ActiveCfg = Release|Any CPU
		{47D3C199-BF50-435F-B67B-E50E502EEBB9}.Release|Any CPU.Build.0 = Release|Any CPU
		{47D3C199-BF50-435F-B67B-E50E502EEBB9}.Release|x64.ActiveCfg = Release|Any CPU
		{47D3C199-BF50-435F-B67B-E50E502EEBB9}.Release|x64.Build.0 = Release|Any CPU
		{47D3C199-BF50-435F-B67B-E50E502EEBB9}.Release|x86.ActiveCfg = Release|Any CPU
		{47D3C199-BF50-435F-B67B-E50E502EEBB9}.Release|x86.Build.0 = Release|Any CPU
	EndGlobalSection
	GlobalSection(SolutionProperties) = preSolution
		HideSolutionNode = FALSE
	EndGlobalSection
	GlobalSection(NestedProjects) = preSolution
		{5AB423A5-6008-4665-857F-2E2E3E5290D8} = {827E0CD3-B72D-47B6-A68D-7590B98EB39B}
		{5E4704E7-110B-499B-A9A6-C2E09EF4165E} = {827E0CD3-B72D-47B6-A68D-7590B98EB39B}
		{0F42A97B-E940-45F6-B988-E6985431BAE7} = {827E0CD3-B72D-47B6-A68D-7590B98EB39B}
		{025A09B1-4FAC-4103-9605-08CD2AC24974} = {827E0CD3-B72D-47B6-A68D-7590B98EB39B}
		{0C7A4617-8CDD-4D6F-86FF-C0C71A159D82} = {827E0CD3-B72D-47B6-A68D-7590B98EB39B}
		{47D3C199-BF50-435F-B67B-E50E502EEBB9} = {827E0CD3-B72D-47B6-A68D-7590B98EB39B}
	EndGlobalSection
EndGlobal
